
Microsoft Visual Studio Solution File, Format Version 12.00
# Visual Studio 15
VisualStudioVersion = 15.0.27004.2010
MinimumVisualStudioVersion = 10.0.40219.1
Project("{FAE04EC0-301F-11D3-BF4B-00C04F79EFBC}") = "Circuits", "Circuits\Circuits.csproj", "{A1EF5537-EB77-4262-8A4F-48498ECD08EA}"
EndProject
Global
	GlobalSection(SolutionConfigurationPlatforms) = preSolution
		Debug|Any CPU = Debug|Any CPU
		Release|Any CPU = Release|Any CPU
	EndGlobalSection
	GlobalSection(ProjectConfigurationPlatforms) = postSolution
		{A1EF5537-EB77-4262-8A4F-48498ECD08EA}.Debug|Any CPU.ActiveCfg = Debug|Any CPU
		{A1EF5537-EB77-4262-8A4F-48498ECD08EA}.Debug|Any CPU.Build.0 = Debug|Any CPU
		{A1EF5537-EB77-4262-8A4F-48498ECD08EA}.Release|Any CPU.ActiveCfg = Release|Any CPU
		{A1EF5537-EB77-4262-8A4F-48498ECD08EA}.Release|Any CPU.Build.0 = Release|Any CPU
	EndGlobalSection
	GlobalSection(SolutionProperties) = preSolution
		HideSolutionNode = FALSE
	EndGlobalSection
	GlobalSection(ExtensibilityGlobals) = postSolution
		SolutionGuid = {BDF93124-23F7-460B-B8E6-60C94A08E550}
	EndGlobalSection
EndGlobal
